
Microsoft Visual Studio Solution File, Format Version 12.00
# Visual Studio Version 17
VisualStudioVersion = 17.0.32014.148
MinimumVisualStudioVersion = 10.0.40219.1
Project("{FAE04EC0-301F-11D3-BF4B-00C04F79EFBC}") = "CustomWorkFlow.Core", "CustomWorkFlow.Core\CustomWorkFlow.Core.csproj", "{2B1C7773-B29D-41EA-8CCB-9FA641EE3CAE}"
EndProject
Global
	GlobalSection(SolutionConfigurationPlatforms) = preSolution
		Debug|Any CPU = Debug|Any CPU
		Release|Any CPU = Release|Any CPU
	EndGlobalSection
	GlobalSection(ProjectConfigurationPlatforms) = postSolution
		{2B1C7773-B29D-41EA-8CCB-9FA641EE3CAE}.Debug|Any CPU.ActiveCfg = Debug|Any CPU
		{2B1C7773-B29D-41EA-8CCB-9FA641EE3CAE}.Debug|Any CPU.Build.0 = Debug|Any CPU
		{2B1C7773-B29D-41EA-8CCB-9FA641EE3CAE}.Release|Any CPU.ActiveCfg = Release|Any CPU
		{2B1C7773-B29D-41EA-8CCB-9FA641EE3CAE}.Release|Any CPU.Build.0 = Release|Any CPU
	EndGlobalSection
	GlobalSection(SolutionProperties) = preSolution
		HideSolutionNode = FALSE
	EndGlobalSection
	GlobalSection(ExtensibilityGlobals) = postSolution
		SolutionGuid = {4C15C58D-027E-4940-A0D6-C537516EF337}
	EndGlobalSection
EndGlobal
